
Microsoft Visual Studio Solution File, Format Version 12.00
# Visual Studio Version 17
VisualStudioVersion = 17.5.33424.131
MinimumVisualStudioVersion = 10.0.40219.1
Project("{FAE04EC0-301F-11D3-BF4B-00C04F79EFBC}") = "Задание 3", "Задание 3\Задание 3.csproj", "{A34AFF3A-95A1-44D8-8961-DD464552B5C2}"
EndProject
Global
	GlobalSection(SolutionConfigurationPlatforms) = preSolution
		Debug|Any CPU = Debug|Any CPU
		Release|Any CPU = Release|Any CPU
	EndGlobalSection
	GlobalSection(ProjectConfigurationPlatforms) = postSolution
		{A34AFF3A-95A1-44D8-8961-DD464552B5C2}.Debug|Any CPU.ActiveCfg = Debug|Any CPU
		{A34AFF3A-95A1-44D8-8961-DD464552B5C2}.Debug|Any CPU.Build.0 = Debug|Any CPU
		{A34AFF3A-95A1-44D8-8961-DD464552B5C2}.Release|Any CPU.ActiveCfg = Release|Any CPU
		{A34AFF3A-95A1-44D8-8961-DD464552B5C2}.Release|Any CPU.Build.0 = Release|Any CPU
	EndGlobalSection
	GlobalSection(SolutionProperties) = preSolution
		HideSolutionNode = FALSE
	EndGlobalSection
	GlobalSection(ExtensibilityGlobals) = postSolution
		SolutionGuid = {DD2F8B2B-11AF-4A62-8C92-090FDE3E89B1}
	EndGlobalSection
EndGlobal
